
Microsoft Visual Studio Solution File, Format Version 10.00
# Visual Studio 2008
Project("{8BC9CEB8-8B4A-11D0-8D11-00A0C91BC942}") = "asmodeling", "asmodeling\asmodeling.vcproj", "{05A3231B-4EA4-4C6A-932B-0E1DE4162C0A}"
EndProject
Project("{8BC9CEB8-8B4A-11D0-8D11-00A0C91BC942}") = "Utils", "Utils\Utils.vcproj", "{75BAE538-D358-40E8-A1F7-60D486E2CC5D}"
EndProject
Project("{8BC9CEB8-8B4A-11D0-8D11-00A0C91BC942}") = "L-BFGS-B", "L-BFGS-B\L-BFGS-B.vcproj", "{F9832283-68E4-4064-A8E9-876CF9DCF2C8}"
EndProject
Project("{8BC9CEB8-8B4A-11D0-8D11-00A0C91BC942}") = "TinyXML", "TinyXML\TinyXML.vcproj", "{2608F40E-1FE3-4D31-9DAD-F78FB6362A42}"
EndProject
Project("{2150E333-8FDC-42A3-9474-1A3956D46DE8}") = "Solution Items", "Solution Items", "{F138B981-E905-497C-AD24-68A5E115B542}"
	ProjectSection(SolutionItems) = preProject
		Data\camera.txt = Data\camera.txt
		Data\configure.xml = Data\configure.xml
	EndProjectSection
EndProject
Project("{8BC9CEB8-8B4A-11D0-8D11-00A0C91BC942}") = "CudaImageUtil", "CudaImageUtil\CudaImageUtil.vcproj", "{B4030BD0-9A10-4960-BE6A-A57B2357FC63}"
EndProject
Global
	GlobalSection(SolutionConfigurationPlatforms) = preSolution
		Debug|Win32 = Debug|Win32
		Release|Win32 = Release|Win32
	EndGlobalSection
	GlobalSection(ProjectConfigurationPlatforms) = postSolution
		{05A3231B-4EA4-4C6A-932B-0E1DE4162C0A}.Debug|Win32.ActiveCfg = Debug|Win32
		{05A3231B-4EA4-4C6A-932B-0E1DE4162C0A}.Debug|Win32.Build.0 = Debug|Win32
		{05A3231B-4EA4-4C6A-932B-0E1DE4162C0A}.Release|Win32.ActiveCfg = Release|Win32
		{05A3231B-4EA4-4C6A-932B-0E1DE4162C0A}.Release|Win32.Build.0 = Release|Win32
		{75BAE538-D358-40E8-A1F7-60D486E2CC5D}.Debug|Win32.ActiveCfg = Debug|Win32
		{75BAE538-D358-40E8-A1F7-60D486E2CC5D}.Debug|Win32.Build.0 = Debug|Win32
		{75BAE538-D358-40E8-A1F7-60D486E2CC5D}.Release|Win32.ActiveCfg = Release|Win32
		{75BAE538-D358-40E8-A1F7-60D486E2CC5D}.Release|Win32.Build.0 = Release|Win32
		{F9832283-68E4-4064-A8E9-876CF9DCF2C8}.Debug|Win32.ActiveCfg = Debug|Win32
		{F9832283-68E4-4064-A8E9-876CF9DCF2C8}.Debug|Win32.Build.0 = Debug|Win32
		{F9832283-68E4-4064-A8E9-876CF9DCF2C8}.Release|Win32.ActiveCfg = Release|Win32
		{F9832283-68E4-4064-A8E9-876CF9DCF2C8}.Release|Win32.Build.0 = Release|Win32
		{2608F40E-1FE3-4D31-9DAD-F78FB6362A42}.Debug|Win32.ActiveCfg = Debug|Win32
		{2608F40E-1FE3-4D31-9DAD-F78FB6362A42}.Debug|Win32.Build.0 = Debug|Win32
		{2608F40E-1FE3-4D31-9DAD-F78FB6362A42}.Release|Win32.ActiveCfg = Release|Win32
		{2608F40E-1FE3-4D31-9DAD-F78FB6362A42}.Release|Win32.Build.0 = Release|Win32
		{B4030BD0-9A10-4960-BE6A-A57B2357FC63}.Debug|Win32.ActiveCfg = Debug|Win32
		{B4030BD0-9A10-4960-BE6A-A57B2357FC63}.Debug|Win32.Build.0 = Debug|Win32
		{B4030BD0-9A10-4960-BE6A-A57B2357FC63}.Release|Win32.ActiveCfg = Release|Win32
		{B4030BD0-9A10-4960-BE6A-A57B2357FC63}.Release|Win32.Build.0 = Release|Win32
	EndGlobalSection
	GlobalSection(SolutionProperties) = preSolution
		HideSolutionNode = FALSE
	EndGlobalSection
EndGlobal
