
Microsoft Visual Studio Solution File, Format Version 10.00
# Visual Studio 2008
Project("{8BC9CEB8-8B4A-11D0-8D11-00A0C91BC942}") = "asmodeling", "asmodeling\asmodeling.vcproj", "{0175C3CD-51DF-4BA8-AEE5-AD84493228D6}"
EndProject
Project("{8BC9CEB8-8B4A-11D0-8D11-00A0C91BC942}") = "utils", "utils\utils.vcproj", "{5328FDE9-DEBC-4AD8-A815-77B7307F07BC}"
EndProject
Project("{8BC9CEB8-8B4A-11D0-8D11-00A0C91BC942}") = "L-BFGS-B", "L-BFGS-B\L-BFGS-B.vcproj", "{69C0A9B0-9F47-43BC-B5D3-7A9902A8AC9C}"
EndProject
Global
	GlobalSection(SolutionConfigurationPlatforms) = preSolution
		Debug|Win32 = Debug|Win32
		Release|Win32 = Release|Win32
	EndGlobalSection
	GlobalSection(ProjectConfigurationPlatforms) = postSolution
		{0175C3CD-51DF-4BA8-AEE5-AD84493228D6}.Debug|Win32.ActiveCfg = Debug|Win32
		{0175C3CD-51DF-4BA8-AEE5-AD84493228D6}.Debug|Win32.Build.0 = Debug|Win32
		{0175C3CD-51DF-4BA8-AEE5-AD84493228D6}.Release|Win32.ActiveCfg = Release|Win32
		{0175C3CD-51DF-4BA8-AEE5-AD84493228D6}.Release|Win32.Build.0 = Release|Win32
		{5328FDE9-DEBC-4AD8-A815-77B7307F07BC}.Debug|Win32.ActiveCfg = Debug|Win32
		{5328FDE9-DEBC-4AD8-A815-77B7307F07BC}.Debug|Win32.Build.0 = Debug|Win32
		{5328FDE9-DEBC-4AD8-A815-77B7307F07BC}.Release|Win32.ActiveCfg = Release|Win32
		{5328FDE9-DEBC-4AD8-A815-77B7307F07BC}.Release|Win32.Build.0 = Release|Win32
		{69C0A9B0-9F47-43BC-B5D3-7A9902A8AC9C}.Debug|Win32.ActiveCfg = Debug|Win32
		{69C0A9B0-9F47-43BC-B5D3-7A9902A8AC9C}.Debug|Win32.Build.0 = Debug|Win32
		{69C0A9B0-9F47-43BC-B5D3-7A9902A8AC9C}.Release|Win32.ActiveCfg = Release|Win32
		{69C0A9B0-9F47-43BC-B5D3-7A9902A8AC9C}.Release|Win32.Build.0 = Release|Win32
	EndGlobalSection
	GlobalSection(SolutionProperties) = preSolution
		HideSolutionNode = FALSE
	EndGlobalSection
EndGlobal
